
Microsoft Visual Studio Solution File, Format Version 12.00
# Visual Studio 15
VisualStudioVersion = 15.0.28307.1169
MinimumVisualStudioVersion = 10.0.40219.1
Project("{FAE04EC0-301F-11D3-BF4B-00C04F79EFBC}") = "MonitorToolSystem", "MonitorToolSystem\MonitorToolSystem.csproj", "{79A28042-AECB-4938-9CB7-AD68E1D5F4F2}"
EndProject
Global
	GlobalSection(SolutionConfigurationPlatforms) = preSolution
		Debug|Any CPU = Debug|Any CPU
		Release|Any CPU = Release|Any CPU
	EndGlobalSection
	GlobalSection(ProjectConfigurationPlatforms) = postSolution
		{79A28042-AECB-4938-9CB7-AD68E1D5F4F2}.Debug|Any CPU.ActiveCfg = Debug|Any CPU
		{79A28042-AECB-4938-9CB7-AD68E1D5F4F2}.Debug|Any CPU.Build.0 = Debug|Any CPU
		{79A28042-AECB-4938-9CB7-AD68E1D5F4F2}.Release|Any CPU.ActiveCfg = Release|Any CPU
		{79A28042-AECB-4938-9CB7-AD68E1D5F4F2}.Release|Any CPU.Build.0 = Release|Any CPU
	EndGlobalSection
	GlobalSection(SolutionProperties) = preSolution
		HideSolutionNode = FALSE
	EndGlobalSection
	GlobalSection(ExtensibilityGlobals) = postSolution
		SolutionGuid = {9F216755-DD91-4276-A056-5BAC712FBA07}
	EndGlobalSection
EndGlobal
